// !$*UTF8*$!
{
	archiveVersion = 1;
	classes = {
	};
	objectVersion = 55;
	objects = {

/* Begin PBXBuildFile section */
		0AB313D02895ACE200DC6657 /* AppDelegate.swift in Sources */ = {isa = PBXBuildFile; fileRef = 0AB313CF2895ACE200DC6657 /* AppDelegate.swift */; };
		0AB313D22895ACE200DC6657 /* SceneDelegate.swift in Sources */ = {isa = PBXBuildFile; fileRef = 0AB313D12895ACE200DC6657 /* SceneDelegate.swift */; };
		0AB313D42895ACE200DC6657 /* ViewController.swift in Sources */ = {isa = PBXBuildFile; fileRef = 0AB313D32895ACE200DC6657 /* ViewController.swift */; };
		0AB313D72895ACE200DC6657 /* Main.storyboard in Resources */ = {isa = PBXBuildFile; fileRef = 0AB313D52895ACE200DC6657 /* Main.storyboard */; };
		0AB313D92895ACE400DC6657 /* Assets.xcassets in Resources */ = {isa = PBXBuildFile; fileRef = 0AB313D82895ACE400DC6657 /* Assets.xcassets */; };
		0AB313DC2895ACE400DC6657 /* LaunchScreen.storyboard in Resources */ = {isa = PBXBuildFile; fileRef = 0AB313DA2895ACE400DC6657 /* LaunchScreen.storyboard */; };
		0AB313E72895ACE500DC6657 /* DateAndTimePickerTests.swift in Sources */ = {isa = PBXBuildFile; fileRef = 0AB313E62895ACE500DC6657 /* DateAndTimePickerTests.swift */; };
		0AB313F12895ACE500DC6657 /* DateAndTimePickerUITests.swift in Sources */ = {isa = PBXBuildFile; fileRef = 0AB313F02895ACE500DC6657 /* DateAndTimePickerUITests.swift */; };
		0AB313F32895ACE500DC6657 /* DateAndTimePickerUITestsLaunchTests.swift in Sources */ = {isa = PBXBuildFile; fileRef = 0AB313F22895ACE500DC6657 /* DateAndTimePickerUITestsLaunchTests.swift */; };
/* End PBXBuildFile section */

/* Begin PBXContainerItemProxy section */
		0AB313E32895ACE500DC6657 /* PBXContainerItemProxy */ = {
			isa = PBXContainerItemProxy;
			containerPortal = 0AB313C42895ACE200DC6657 /* Project object */;
			proxyType = 1;
			remoteGlobalIDString = 0AB313CB2895ACE200DC6657;
			remoteInfo = DateAndTimePicker;
		};
		0AB313ED2895ACE500DC6657 /* PBXContainerItemProxy */ = {
			isa = PBXContainerItemProxy;
			containerPortal = 0AB313C42895ACE200DC6657 /* Project object */;
			proxyType = 1;
			remoteGlobalIDString = 0AB313CB2895ACE200DC6657;
			remoteInfo = DateAndTimePicker;
		};
/* End PBXContainerItemProxy section */

/* Begin PBXFileReference section */
		0AB313CC2895ACE200DC6657 /* DateAndTimePicker.app */ = {isa = PBXFileReference; explicitFileType = wrapper.application; includeInIndex = 0; path = DateAndTimePicker.app; sourceTree = BUILT_PRODUCTS_DIR; };
		0AB313CF2895ACE200DC6657 /* AppDelegate.swift */ = {isa = PBXFileReference; lastKnownFileType = sourcecode.swift; path = AppDelegate.swift; sourceTree = "<group>"; };
		0AB313D12895ACE200DC6657 /* SceneDelegate.swift */ = {isa = PBXFileReference; lastKnownFileType = sourcecode.swift; path = SceneDelegate.swift; sourceTree = "<group>"; };
		0AB313D32895ACE200DC6657 /* ViewController.swift */ = {isa = PBXFileReference; lastKnownFileType = sourcecode.swift; path = ViewController.swift; sourceTree = "<group>"; };
		0AB313D62895ACE200DC6657 /* Base */ = {isa = PBXFileReference; lastKnownFileType = file.storyboard; name = Base; path = Base.lproj/Main.storyboard; sourceTree = "<group>"; };
		0AB313D82895ACE400DC6657 /* Assets.xcassets */ = {isa = PBXFileReference; lastKnownFileType = folder.assetcatalog; path = Assets.xcassets; sourceTree = "<group>"; };
		0AB313DB2895ACE400DC6657 /* Base */ = {isa = PBXFileReference; lastKnownFileType = file.storyboard; name = Base; path = Base.lproj/LaunchScreen.storyboard; sourceTree = "<group>"; };
		0AB313DD2895ACE400DC6657 /* Info.plist */ = {isa = PBXFileReference; lastKnownFileType = text.plist.xml; path = Info.plist; sourceTree = "<group>"; };
		0AB313E22895ACE500DC6657 /* DateAndTimePickerTests.xctest */ = {isa = PBXFileReference; explicitFileType = wrapper.cfbundle; includeInIndex = 0; path = DateAndTimePickerTests.xctest; sourceTree = BUILT_PRODUCTS_DIR; };
		0AB313E62895ACE500DC6657 /* DateAndTimePickerTests.swift */ = {isa = PBXFileReference; lastKnownFileType = sourcecode.swift; path = DateAndTimePickerTests.swift; sourceTree = "<group>"; };
		0AB313EC2895ACE500DC6657 /* DateAndTimePickerUITests.xctest */ = {isa = PBXFileReference; explicitFileType = wrapper.cfbundle; includeInIndex = 0; path = DateAndTimePickerUITests.xctest; sourceTree = BUILT_PRODUCTS_DIR; };
		0AB313F02895ACE500DC6657 /* DateAndTimePickerUITests.swift */ = {isa = PBXFileReference; lastKnownFileType = sourcecode.swift; path = DateAndTimePickerUITests.swift; sourceTree = "<group>"; };
		0AB313F22895ACE500DC6657 /* DateAndTimePickerUITestsLaunchTests.swift */ = {isa = PBXFileReference; lastKnownFileType = sourcecode.swift; path = DateAndTimePickerUITestsLaunchTests.swift; sourceTree = "<group>"; };
/* End PBXFileReference section */

/* Begin PBXFrameworksBuildPhase section */
		0AB313C92895ACE200DC6657 /* Frameworks */ = {
			isa = PBXFrameworksBuildPhase;
			buildActionMask = 2147483647;
			files = (
			);
			runOnlyForDeploymentPostprocessing = 0;
		};
		0AB313DF2895ACE500DC6657 /* Frameworks */ = {
			isa = PBXFrameworksBuildPhase;
			buildActionMask = 2147483647;
			files = (
			);
			runOnlyForDeploymentPostprocessing = 0;
		};
		0AB313E92895ACE500DC6657 /* Frameworks */ = {
			isa = PBXFrameworksBuildPhase;
			buildActionMask = 2147483647;
			files = (
			);
			runOnlyForDeploymentPostprocessing = 0;
		};
/* End PBXFrameworksBuildPhase section */

/* Begin PBXGroup section */
		0AB313C32895ACE200DC6657 = {
			isa = PBXGroup;
			children = (
				0AB313CE2895ACE200DC6657 /* DateAndTimePicker */,
				0AB313E52895ACE500DC6657 /* DateAndTimePickerTests */,
				0AB313EF2895ACE500DC6657 /* DateAndTimePickerUITests */,
				0AB313CD2895ACE200DC6657 /* Products */,
			);
			sourceTree = "<group>";
		};
		0AB313CD2895ACE200DC6657 /* Products */ = {
			isa = PBXGroup;
			children = (
				0AB313CC2895ACE200DC6657 /* DateAndTimePicker.app */,
				0AB313E22895ACE500DC6657 /* DateAndTimePickerTests.xctest */,
				0AB313EC2895ACE500DC6657 /* DateAndTimePickerUITests.xctest */,
			);
			name = Products;
			sourceTree = "<group>";
		};
		0AB313CE2895ACE200DC6657 /* DateAndTimePicker */ = {
			isa = PBXGroup;
			children = (
				0AB313CF2895ACE200DC6657 /* AppDelegate.swift */,
				0AB313D12895ACE200DC6657 /* SceneDelegate.swift */,
				0AB313D32895ACE200DC6657 /* ViewController.swift */,
				0AB313D52895ACE200DC6657 /* Main.storyboard */,
				0AB313D82895ACE400DC6657 /* Assets.xcassets */,
				0AB313DA2895ACE400DC6657 /* LaunchScreen.storyboard */,
				0AB313DD2895ACE400DC6657 /* Info.plist */,
			);
			path = DateAndTimePicker;
			sourceTree = "<group>";
		};
		0AB313E52895ACE500DC6657 /* DateAndTimePickerTests */ = {
			isa = PBXGroup;
			children = (
				0AB313E62895ACE500DC6657 /* DateAndTimePickerTests.swift */,
			);
			path = DateAndTimePickerTests;
			sourceTree = "<group>";
		};
		0AB313EF2895ACE500DC6657 /* DateAndTimePickerUITests */ = {
			isa = PBXGroup;
			children = (
				0AB313F02895ACE500DC6657 /* DateAndTimePickerUITests.swift */,
				0AB313F22895ACE500DC6657 /* DateAndTimePickerUITestsLaunchTests.swift */,
			);
			path = DateAndTimePickerUITests;
			sourceTree = "<group>";
		};
/* End PBXGroup section */

/* Begin PBXNativeTarget section */
		0AB313CB2895ACE200DC6657 /* DateAndTimePicker */ = {
			isa = PBXNativeTarget;
			buildConfigurationList = 0AB313F62895ACE500DC6657 /* Build configuration list for PBXNativeTarget "DateAndTimePicker" */;
			buildPhases = (
				0AB313C82895ACE200DC6657 /* Sources */,
				0AB313C92895ACE200DC6657 /* Frameworks */,
				0AB313CA2895ACE200DC6657 /* Resources */,
			);
			buildRules = (
			);
			dependencies = (
			);
			name = DateAndTimePicker;
			productName = DateAndTimePicker;
			productReference = 0AB313CC2895ACE200DC6657 /* DateAndTimePicker.app */;
			productType = "com.apple.product-type.application";
		};
		0AB313E12895ACE500DC6657 /* DateAndTimePickerTests */ = {
			isa = PBXNativeTarget;
			buildConfigurationList = 0AB313F92895ACE500DC6657 /* Build configuration list for PBXNativeTarget "DateAndTimePickerTests" */;
			buildPhases = (
				0AB313DE2895ACE500DC6657 /* Sources */,
				0AB313DF2895ACE500DC6657 /* Frameworks */,
				0AB313E02895ACE500DC6657 /* Resources */,
			);
			buildRules = (
			);
			dependencies = (
				0AB313E42895ACE500DC6657 /* PBXTargetDependency */,
			);
			name = DateAndTimePickerTests;
			productName = DateAndTimePickerTests;
			productReference = 0AB313E22895ACE500DC6657 /* DateAndTimePickerTests.xctest */;
			productType = "com.apple.product-type.bundle.unit-test";
		};
		0AB313EB2895ACE500DC6657 /* DateAndTimePickerUITests */ = {
			isa = PBXNativeTarget;
			buildConfigurationList = 0AB313FC2895ACE500DC6657 /* Build configuration list for PBXNativeTarget "DateAndTimePickerUITests" */;
			buildPhases = (
				0AB313E82895ACE500DC6657 /* Sources */,
				0AB313E92895ACE500DC6657 /* Frameworks */,
				0AB313EA2895ACE500DC6657 /* Resources */,
			);
			buildRules = (
			);
			dependencies = (
				0AB313EE2895ACE500DC6657 /* PBXTargetDependency */,
			);
			name = DateAndTimePickerUITests;
			productName = DateAndTimePickerUITests;
			productReference = 0AB313EC2895ACE500DC6657 /* DateAndTimePickerUITests.xctest */;
			productType = "com.apple.product-type.bundle.ui-testing";
		};
/* End PBXNativeTarget section */

/* Begin PBXProject section */
		0AB313C42895ACE200DC6657 /* Project object */ = {
			isa = PBXProject;
			attributes = {
				BuildIndependentTargetsInParallel = 1;
				LastSwiftUpdateCheck = 1340;
				LastUpgradeCheck = 1340;
				TargetAttributes = {
					0AB313CB2895ACE200DC6657 = {
						CreatedOnToolsVersion = 13.4.1;
					};
					0AB313E12895ACE500DC6657 = {
						CreatedOnToolsVersion = 13.4.1;
						TestTargetID = 0AB313CB2895ACE200DC6657;
					};
					0AB313EB2895ACE500DC6657 = {
						CreatedOnToolsVersion = 13.4.1;
						TestTargetID = 0AB313CB2895ACE200DC6657;
					};
				};
			};
			buildConfigurationList = 0AB313C72895ACE200DC6657 /* Build configuration list for PBXProject "DateAndTimePicker" */;
			compatibilityVersion = "Xcode 13.0";
			developmentRegion = en;
			hasScannedForEncodings = 0;
			knownRegions = (
				en,
				Base,
			);
			mainGroup = 0AB313C32895ACE200DC6657;
			productRefGroup = 0AB313CD2895ACE200DC6657 /* Products */;
			projectDirPath = "";
			projectRoot = "";
			targets = (
				0AB313CB2895ACE200DC6657 /* DateAndTimePicker */,
				0AB313E12895ACE500DC6657 /* DateAndTimePickerTests */,
				0AB313EB2895ACE500DC6657 /* DateAndTimePickerUITests */,
			);
		};
/* End PBXProject section */

/* Begin PBXResourcesBuildPhase section */
		0AB313CA2895ACE200DC6657 /* Resources */ = {
			isa = PBXResourcesBuildPhase;
			buildActionMask = 2147483647;
			files = (
				0AB313DC2895ACE400DC6657 /* LaunchScreen.storyboard in Resources */,
				0AB313D92895ACE400DC6657 /* Assets.xcassets in Resources */,
				0AB313D72895ACE200DC6657 /* Main.storyboard in Resources */,
			);
			runOnlyForDeploymentPostprocessing = 0;
		};
		0AB313E02895ACE500DC6657 /* Resources */ = {
			isa = PBXResourcesBuildPhase;
			buildActionMask = 2147483647;
			files = (
			);
			runOnlyForDeploymentPostprocessing = 0;
		};
		0AB313EA2895ACE500DC6657 /* Resources */ = {
			isa = PBXResourcesBuildPhase;
			buildActionMask = 2147483647;
			files = (
			);
			runOnlyForDeploymentPostprocessing = 0;
		};
/* End PBXResourcesBuildPhase section */

/* Begin PBXSourcesBuildPhase section */
		0AB313C82895ACE200DC6657 /* Sources */ = {
			isa = PBXSourcesBuildPhase;
			buildActionMask = 2147483647;
			files = (
				0AB313D42895ACE200DC6657 /* ViewController.swift in Sources */,
				0AB313D02895ACE200DC6657 /* AppDelegate.swift in Sources */,
				0AB313D22895ACE200DC6657 /* SceneDelegate.swift in Sources */,
			);
			runOnlyForDeploymentPostprocessing = 0;
		};
		0AB313DE2895ACE500DC6657 /* Sources */ = {
			isa = PBXSourcesBuildPhase;
			buildActionMask = 2147483647;
			files = (
				0AB313E72895ACE500DC6657 /* DateAndTimePickerTests.swift in Sources */,
			);
			runOnlyForDeploymentPostprocessing = 0;
		};
		0AB313E82895ACE500DC6657 /* Sources */ = {
			isa = PBXSourcesBuildPhase;
			buildActionMask = 2147483647;
			files = (
				0AB313F12895ACE500DC6657 /* DateAndTimePickerUITests.swift in Sources */,
				0AB313F32895ACE500DC6657 /* DateAndTimePickerUITestsLaunchTests.swift in Sources */,
			);
			runOnlyForDeploymentPostprocessing = 0;
		};
/* End PBXSourcesBuildPhase section */

/* Begin PBXTargetDependency section */
		0AB313E42895ACE500DC6657 /* PBXTargetDependency */ = {
			isa = PBXTargetDependency;
			target = 0AB313CB2895ACE200DC6657 /* DateAndTimePicker */;
			targetProxy = 0AB313E32895ACE500DC6657 /* PBXContainerItemProxy */;
		};
		0AB313EE2895ACE500DC6657 /* PBXTargetDependency */ = {
			isa = PBXTargetDependency;
			target = 0AB313CB2895ACE200DC6657 /* DateAndTimePicker */;
			targetProxy = 0AB313ED2895ACE500DC6657 /* PBXContainerItemProxy */;
		};
/* End PBXTargetDependency section */

/* Begin PBXVariantGroup section */
		0AB313D52895ACE200DC6657 /* Main.storyboard */ = {
			isa = PBXVariantGroup;
			children = (
				0AB313D62895ACE200DC6657 /* Base */,
			);
			name = Main.storyboard;
			sourceTree = "<group>";
		};
		0AB313DA2895ACE400DC6657 /* LaunchScreen.storyboard */ = {
			isa = PBXVariantGroup;
			children = (
				0AB313DB2895ACE400DC6657 /* Base */,
			);
			name = LaunchScreen.storyboard;
			sourceTree = "<group>";
		};
/* End PBXVariantGroup section */

/* Begin XCBuildConfiguration section */
		0AB313F42895ACE500DC6657 /* Debug */ = {
			isa = XCBuildConfiguration;
			buildSettings = {
				ALWAYS_SEARCH_USER_PATHS = NO;
				CLANG_ANALYZER_NONNULL = YES;
				CLANG_ANALYZER_NUMBER_OBJECT_CONVERSION = YES_AGGRESSIVE;
				CLANG_CXX_LANGUAGE_STANDARD = "gnu++17";
				CLANG_ENABLE_MODULES = YES;
				CLANG_ENABLE_OBJC_ARC = YES;
				CLANG_ENABLE_OBJC_WEAK = YES;
				CLANG_WARN_BLOCK_CAPTURE_AUTORELEASING = YES;
				CLANG_WARN_BOOL_CONVERSION = YES;
				CLANG_WARN_COMMA = YES;
				CLANG_WARN_CONSTANT_CONVERSION = YES;
				CLANG_WARN_DEPRECATED_OBJC_IMPLEMENTATIONS = YES;
				CLANG_WARN_DIRECT_OBJC_ISA_USAGE = YES_ERROR;
				CLANG_WARN_DOCUMENTATION_COMMENTS = YES;
				CLANG_WARN_EMPTY_BODY = YES;
				CLANG_WARN_ENUM_CONVERSION = YES;
				CLANG_WARN_INFINITE_RECURSION = YES;
				CLANG_WARN_INT_CONVERSION = YES;
				CLANG_WARN_NON_LITERAL_NULL_CONVERSION = YES;
				CLANG_WARN_OBJC_IMPLICIT_RETAIN_SELF = YES;
				CLANG_WARN_OBJC_LITERAL_CONVERSION = YES;
				CLANG_WARN_OBJC_ROOT_CLASS = YES_ERROR;
				CLANG_WARN_QUOTED_INCLUDE_IN_FRAMEWORK_HEADER = YES;
				CLANG_WARN_RANGE_LOOP_ANALYSIS = YES;
				CLANG_WARN_STRICT_PROTOTYPES = YES;
				CLANG_WARN_SUSPICIOUS_MOVE = YES;
				CLANG_WARN_UNGUARDED_AVAILABILITY = YES_AGGRESSIVE;
				CLANG_WARN_UNREACHABLE_CODE = YES;
				CLANG_WARN__DUPLICATE_METHOD_MATCH = YES;
				COPY_PHASE_STRIP = NO;
				DEBUG_INFORMATION_FORMAT = dwarf;
				ENABLE_STRICT_OBJC_MSGSEND = YES;
				ENABLE_TESTABILITY = YES;
				GCC_C_LANGUAGE_STANDARD = gnu11;
				GCC_DYNAMIC_NO_PIC = NO;
				GCC_NO_COMMON_BLOCKS = YES;
				GCC_OPTIMIZATION_LEVEL = 0;
				GCC_PREPROCESSOR_DEFINITIONS = (
					"DEBUG=1",
					"$(inherited)",
				);
				GCC_WARN_64_TO_32_BIT_CONVERSION = YES;
				GCC_WARN_ABOUT_RETURN_TYPE = YES_ERROR;
				GCC_WARN_UNDECLARED_SELECTOR = YES;
				GCC_WARN_UNINITIALIZED_AUTOS = YES_AGGRESSIVE;
				GCC_WARN_UNUSED_FUNCTION = YES;
				GCC_WARN_UNUSED_VARIABLE = YES;
				IPHONEOS_DEPLOYMENT_TARGET = 15.5;
				MTL_ENABLE_DEBUG_INFO = INCLUDE_SOURCE;
				MTL_FAST_MATH = YES;
				ONLY_ACTIVE_ARCH = YES;
				SDKROOT = iphoneos;
				SWIFT_ACTIVE_COMPILATION_CONDITIONS = DEBUG;
				SWIFT_OPTIMIZATION_LEVEL = "-Onone";
			};
			name = Debug;
		};
		0AB313F52895ACE500DC6657 /* Release */ = {
			isa = XCBuildConfiguration;
			buildSettings = {
				ALWAYS_SEARCH_USER_PATHS = NO;
				CLANG_ANALYZER_NONNULL = YES;
				CLANG_ANALYZER_NUMBER_OBJECT_CONVERSION = YES_AGGRESSIVE;
				CLANG_CXX_LANGUAGE_STANDARD = "gnu++17";
				CLANG_ENABLE_MODULES = YES;
				CLANG_ENABLE_OBJC_ARC = YES;
				CLANG_ENABLE_OBJC_WEAK = YES;
				CLANG_WARN_BLOCK_CAPTURE_AUTORELEASING = YES;
				CLANG_WARN_BOOL_CONVERSION = YES;
				CLANG_WARN_COMMA = YES;
				CLANG_WARN_CONSTANT_CONVERSION = YES;
				CLANG_WARN_DEPRECATED_OBJC_IMPLEMENTATIONS = YES;
				CLANG_WARN_DIRECT_OBJC_ISA_USAGE = YES_ERROR;
				CLANG_WARN_DOCUMENTATION_COMMENTS = YES;
				CLANG_WARN_EMPTY_BODY = YES;
				CLANG_WARN_ENUM_CONVERSION = YES;
				CLANG_WARN_INFINITE_RECURSION = YES;
				CLANG_WARN_INT_CONVERSION = YES;
				CLANG_WARN_NON_LITERAL_NULL_CONVERSION = YES;
				CLANG_WARN_OBJC_IMPLICIT_RETAIN_SELF = YES;
				CLANG_WARN_OBJC_LITERAL_CONVERSION = YES;
				CLANG_WARN_OBJC_ROOT_CLASS = YES_ERROR;
				CLANG_WARN_QUOTED_INCLUDE_IN_FRAMEWORK_HEADER = YES;
				CLANG_WARN_RANGE_LOOP_ANALYSIS = YES;
				CLANG_WARN_STRICT_PROTOTYPES = YES;
				CLANG_WARN_SUSPICIOUS_MOVE = YES;
				CLANG_WARN_UNGUARDED_AVAILABILITY = YES_AGGRESSIVE;
				CLANG_WARN_UNREACHABLE_CODE = YES;
				CLANG_WARN__DUPLICATE_METHOD_MATCH = YES;
				COPY_PHASE_STRIP = NO;
				DEBUG_INFORMATION_FORMAT = "dwarf-with-dsym";
				ENABLE_NS_ASSERTIONS = NO;
				ENABLE_STRICT_OBJC_MSGSEND = YES;
				GCC_C_LANGUAGE_STANDARD = gnu11;
				GCC_NO_COMMON_BLOCKS = YES;
				GCC_WARN_64_TO_32_BIT_CONVERSION = YES;
				GCC_WARN_ABOUT_RETURN_TYPE = YES_ERROR;
				GCC_WARN_UNDECLARED_SELECTOR = YES;
				GCC_WARN_UNINITIALIZED_AUTOS = YES_AGGRESSIVE;
				GCC_WARN_UNUSED_FUNCTION = YES;
				GCC_WARN_UNUSED_VARIABLE = YES;
				IPHONEOS_DEPLOYMENT_TARGET = 15.5;
				MTL_ENABLE_DEBUG_INFO = NO;
				MTL_FAST_MATH = YES;
				SDKROOT = iphoneos;
				SWIFT_COMPILATION_MODE = wholemodule;
				SWIFT_OPTIMIZATION_LEVEL = "-O";
				VALIDATE_PRODUCT = YES;
			};
			name = Release;
		};
		0AB313F72895ACE500DC6657 /* Debug */ = {
			isa = XCBuildConfiguration;
			buildSettings = {
				ASSETCATALOG_COMPILER_APPICON_NAME = AppIcon;
				ASSETCATALOG_COMPILER_GLOBAL_ACCENT_COLOR_NAME = AccentColor;
				CODE_SIGN_STYLE = Automatic;
				CURRENT_PROJECT_VERSION = 1;
				GENERATE_INFOPLIST_FILE = YES;
				INFOPLIST_FILE = DateAndTimePicker/Info.plist;
				INFOPLIST_KEY_UIApplicationSupportsIndirectInputEvents = YES;
				INFOPLIST_KEY_UILaunchStoryboardName = LaunchScreen;
				INFOPLIST_KEY_UIMainStoryboardFile = Main;
				INFOPLIST_KEY_UISupportedInterfaceOrientations_iPad = "UIInterfaceOrientationPortrait UIInterfaceOrientationPortraitUpsideDown UIInterfaceOrientationLandscapeLeft UIInterfaceOrientationLandscapeRight";
				INFOPLIST_KEY_UISupportedInterfaceOrientations_iPhone = "UIInterfaceOrientationPortrait UIInterfaceOrientationLandscapeLeft UIInterfaceOrientationLandscapeRight";
				LD_RUNPATH_SEARCH_PATHS = (
					"$(inherited)",
					"@executable_path/Frameworks",
				);
				MARKETING_VERSION = 1.0;
				PRODUCT_BUNDLE_IDENTIFIER = info.DateAndTimePicker;
				PRODUCT_NAME = "$(TARGET_NAME)";
				SWIFT_EMIT_LOC_STRINGS = YES;
				SWIFT_VERSION = 5.0;
				TARGETED_DEVICE_FAMILY = "1,2";
			};
			name = Debug;
		};
		0AB313F82895ACE500DC6657 /* Release */ = {
			isa = XCBuildConfiguration;
			buildSettings = {
				ASSETCATALOG_COMPILER_APPICON_NAME = AppIcon;
				ASSETCATALOG_COMPILER_GLOBAL_ACCENT_COLOR_NAME = AccentColor;
				CODE_SIGN_STYLE = Automatic;
				CURRENT_PROJECT_VERSION = 1;
				GENERATE_INFOPLIST_FILE = YES;
				INFOPLIST_FILE = DateAndTimePicker/Info.plist;
				INFOPLIST_KEY_UIApplicationSupportsIndirectInputEvents = YES;
				INFOPLIST_KEY_UILaunchStoryboardName = LaunchScreen;
				INFOPLIST_KEY_UIMainStoryboardFile = Main;
				INFOPLIST_KEY_UISupportedInterfaceOrientations_iPad = "UIInterfaceOrientationPortrait UIInterfaceOrientationPortraitUpsideDown UIInterfaceOrientationLandscapeLeft UIInterfaceOrientationLandscapeRight";
				INFOPLIST_KEY_UISupportedInterfaceOrientations_iPhone = "UIInterfaceOrientationPortrait UIInterfaceOrientationLandscapeLeft UIInterfaceOrientationLandscapeRight";
				LD_RUNPATH_SEARCH_PATHS = (
					"$(inherited)",
					"@executable_path/Frameworks",
				);
				MARKETING_VERSION = 1.0;
				PRODUCT_BUNDLE_IDENTIFIER = info.DateAndTimePicker;
				PRODUCT_NAME = "$(TARGET_NAME)";
				SWIFT_EMIT_LOC_STRINGS = YES;
				SWIFT_VERSION = 5.0;
				TARGETED_DEVICE_FAMILY = "1,2";
			};
			name = Release;
		};
		0AB313FA2895ACE500DC6657 /* Debug */ = {
			isa = XCBuildConfiguration;
			buildSettings = {
				ALWAYS_EMBED_SWIFT_STANDARD_LIBRARIES = YES;
				BUNDLE_LOADER = "$(TEST_HOST)";
				CODE_SIGN_STYLE = Automatic;
				CURRENT_PROJECT_VERSION = 1;
				GENERATE_INFOPLIST_FILE = YES;
				IPHONEOS_DEPLOYMENT_TARGET = 15.5;
				MARKETING_VERSION = 1.0;
				PRODUCT_BUNDLE_IDENTIFIER = info.DateAndTimePickerTests;
				PRODUCT_NAME = "$(TARGET_NAME)";
				SWIFT_EMIT_LOC_STRINGS = NO;
				SWIFT_VERSION = 5.0;
				TARGETED_DEVICE_FAMILY = "1,2";
				TEST_HOST = "$(BUILT_PRODUCTS_DIR)/DateAndTimePicker.app/DateAndTimePicker";
			};
			name = Debug;
		};
		0AB313FB2895ACE500DC6657 /* Release */ = {
			isa = XCBuildConfiguration;
			buildSettings = {
				ALWAYS_EMBED_SWIFT_STANDARD_LIBRARIES = YES;
				BUNDLE_LOADER = "$(TEST_HOST)";
				CODE_SIGN_STYLE = Automatic;
				CURRENT_PROJECT_VERSION = 1;
				GENERATE_INFOPLIST_FILE = YES;
				IPHONEOS_DEPLOYMENT_TARGET = 15.5;
				MARKETING_VERSION = 1.0;
				PRODUCT_BUNDLE_IDENTIFIER = info.DateAndTimePickerTests;
				PRODUCT_NAME = "$(TARGET_NAME)";
				SWIFT_EMIT_LOC_STRINGS = NO;
				SWIFT_VERSION = 5.0;
				TARGETED_DEVICE_FAMILY = "1,2";
				TEST_HOST = "$(BUILT_PRODUCTS_DIR)/DateAndTimePicker.app/DateAndTimePicker";
			};
			name = Release;
		};
		0AB313FD2895ACE500DC6657 /* Debug */ = {
			isa = XCBuildConfiguration;
			buildSettings = {
				ALWAYS_EMBED_SWIFT_STANDARD_LIBRARIES = YES;
				CODE_SIGN_STYLE = Automatic;
				CURRENT_PROJECT_VERSION = 1;
				GENERATE_INFOPLIST_FILE = YES;
				MARKETING_VERSION = 1.0;
				PRODUCT_BUNDLE_IDENTIFIER = info.DateAndTimePickerUITests;
				PRODUCT_NAME = "$(TARGET_NAME)";
				SWIFT_EMIT_LOC_STRINGS = NO;
				SWIFT_VERSION = 5.0;
				TARGETED_DEVICE_FAMILY = "1,2";
				TEST_TARGET_NAME = DateAndTimePicker;
			};
			name = Debug;
		};
		0AB313FE2895ACE500DC6657 /* Release */ = {
			isa = XCBuildConfiguration;
			buildSettings = {
				ALWAYS_EMBED_SWIFT_STANDARD_LIBRARIES = YES;
				CODE_SIGN_STYLE = Automatic;
				CURRENT_PROJECT_VERSION = 1;
				GENERATE_INFOPLIST_FILE = YES;
				MARKETING_VERSION = 1.0;
				PRODUCT_BUNDLE_IDENTIFIER = info.DateAndTimePickerUITests;
				PRODUCT_NAME = "$(TARGET_NAME)";
				SWIFT_EMIT_LOC_STRINGS = NO;
				SWIFT_VERSION = 5.0;
				TARGETED_DEVICE_FAMILY = "1,2";
				TEST_TARGET_NAME = DateAndTimePicker;
			};
			name = Release;
		};
/* End XCBuildConfiguration section */

/* Begin XCConfigurationList section */
		0AB313C72895ACE200DC6657 /* Build configuration list for PBXProject "DateAndTimePicker" */ = {
			isa = XCConfigurationList;
			buildConfigurations = (
				0AB313F42895ACE500DC6657 /* Debug */,
				0AB313F52895ACE500DC6657 /* Release */,
			);
			defaultConfigurationIsVisible = 0;
			defaultConfigurationName = Release;
		};
		0AB313F62895ACE500DC6657 /* Build configuration list for PBXNativeTarget "DateAndTimePicker" */ = {
			isa = XCConfigurationList;
			buildConfigurations = (
				0AB313F72895ACE500DC6657 /* Debug */,
				0AB313F82895ACE500DC6657 /* Release */,
			);
			defaultConfigurationIsVisible = 0;
			defaultConfigurationName = Release;
		};
		0AB313F92895ACE500DC6657 /* Build configuration list for PBXNativeTarget "DateAndTimePickerTests" */ = {
			isa = XCConfigurationList;
			buildConfigurations = (
				0AB313FA2895ACE500DC6657 /* Debug */,
				0AB313FB2895ACE500DC6657 /* Release */,
			);
			defaultConfigurationIsVisible = 0;
			defaultConfigurationName = Release;
		};
		0AB313FC2895ACE500DC6657 /* Build configuration list for PBXNativeTarget "DateAndTimePickerUITests" */ = {
			isa = XCConfigurationList;
			buildConfigurations = (
				0AB313FD2895ACE500DC6657 /* Debug */,
				0AB313FE2895ACE500DC6657 /* Release */,
			);
			defaultConfigurationIsVisible = 0;
			defaultConfigurationName = Release;
		};
/* End XCConfigurationList section */
	};
	rootObject = 0AB313C42895ACE200DC6657 /* Project object */;
}
